
Microsoft Visual Studio Solution File, Format Version 12.00
# Visual Studio Version 17
VisualStudioVersion = 17.9.34723.18
MinimumVisualStudioVersion = 10.0.40219.1
Project("{FAE04EC0-301F-11D3-BF4B-00C04F79EFBC}") = "ExercicioResolvido_01", "ExercicioResolvido_01.csproj", "{2514EEFD-3447-477A-91ED-7E707CDE29F1}"
EndProject
Global
	GlobalSection(SolutionConfigurationPlatforms) = preSolution
		Debug|Any CPU = Debug|Any CPU
		Release|Any CPU = Release|Any CPU
	EndGlobalSection
	GlobalSection(ProjectConfigurationPlatforms) = postSolution
		{2514EEFD-3447-477A-91ED-7E707CDE29F1}.Debug|Any CPU.ActiveCfg = Debug|Any CPU
		{2514EEFD-3447-477A-91ED-7E707CDE29F1}.Debug|Any CPU.Build.0 = Debug|Any CPU
		{2514EEFD-3447-477A-91ED-7E707CDE29F1}.Release|Any CPU.ActiveCfg = Release|Any CPU
		{2514EEFD-3447-477A-91ED-7E707CDE29F1}.Release|Any CPU.Build.0 = Release|Any CPU
	EndGlobalSection
	GlobalSection(SolutionProperties) = preSolution
		HideSolutionNode = FALSE
	EndGlobalSection
	GlobalSection(ExtensibilityGlobals) = postSolution
		SolutionGuid = {AA2B43BF-D2C7-4723-9AA9-551E3A2F8836}
	EndGlobalSection
EndGlobal
