
Microsoft Visual Studio Solution File, Format Version 12.00
# Visual Studio Version 17
VisualStudioVersion = 17.9.34723.18
MinimumVisualStudioVersion = 10.0.40219.1
Project("{9A19103F-16F7-4668-BE54-9A1E7A4F7556}") = "ExercicioResolvido_02", "ExercicioResolvido_02.csproj", "{0A2E58CA-3CFF-4B53-94A1-BD639EDB0BE6}"
EndProject
Global
	GlobalSection(SolutionConfigurationPlatforms) = preSolution
		Debug|Any CPU = Debug|Any CPU
		Release|Any CPU = Release|Any CPU
	EndGlobalSection
	GlobalSection(ProjectConfigurationPlatforms) = postSolution
		{0A2E58CA-3CFF-4B53-94A1-BD639EDB0BE6}.Debug|Any CPU.ActiveCfg = Debug|Any CPU
		{0A2E58CA-3CFF-4B53-94A1-BD639EDB0BE6}.Debug|Any CPU.Build.0 = Debug|Any CPU
		{0A2E58CA-3CFF-4B53-94A1-BD639EDB0BE6}.Release|Any CPU.ActiveCfg = Release|Any CPU
		{0A2E58CA-3CFF-4B53-94A1-BD639EDB0BE6}.Release|Any CPU.Build.0 = Release|Any CPU
	EndGlobalSection
	GlobalSection(SolutionProperties) = preSolution
		HideSolutionNode = FALSE
	EndGlobalSection
	GlobalSection(ExtensibilityGlobals) = postSolution
		SolutionGuid = {D2563710-5FE2-478E-BA94-3EA5AAB13FF1}
	EndGlobalSection
EndGlobal
