
Microsoft Visual Studio Solution File, Format Version 12.00
# Visual Studio Version 17
VisualStudioVersion = 17.10.35004.147
MinimumVisualStudioVersion = 10.0.40219.1
Project("{FAE04EC0-301F-11D3-BF4B-00C04F79EFBC}") = "ExercicioResolvido_03", "ExercicioResolvido_03.csproj", "{E4515381-3A55-4207-9F08-0F39DB2B8602}"
EndProject
Global
	GlobalSection(SolutionConfigurationPlatforms) = preSolution
		Debug|Any CPU = Debug|Any CPU
		Release|Any CPU = Release|Any CPU
	EndGlobalSection
	GlobalSection(ProjectConfigurationPlatforms) = postSolution
		{E4515381-3A55-4207-9F08-0F39DB2B8602}.Debug|Any CPU.ActiveCfg = Debug|Any CPU
		{E4515381-3A55-4207-9F08-0F39DB2B8602}.Debug|Any CPU.Build.0 = Debug|Any CPU
		{E4515381-3A55-4207-9F08-0F39DB2B8602}.Release|Any CPU.ActiveCfg = Release|Any CPU
		{E4515381-3A55-4207-9F08-0F39DB2B8602}.Release|Any CPU.Build.0 = Release|Any CPU
	EndGlobalSection
	GlobalSection(SolutionProperties) = preSolution
		HideSolutionNode = FALSE
	EndGlobalSection
	GlobalSection(ExtensibilityGlobals) = postSolution
		SolutionGuid = {AC9ABA61-81C9-4B6C-AF00-E23D436455EB}
	EndGlobalSection
EndGlobal
