
Microsoft Visual Studio Solution File, Format Version 12.00
# Visual Studio Version 17
VisualStudioVersion = 17.9.34723.18
MinimumVisualStudioVersion = 10.0.40219.1
Project("{FAE04EC0-301F-11D3-BF4B-00C04F79EFBC}") = "ExercicioResolvido_03", "ExercicioResolvido_03.csproj", "{32A5F14F-57FE-4CD5-AEFF-A8F4941945D9}"
EndProject
Global
	GlobalSection(SolutionConfigurationPlatforms) = preSolution
		Debug|Any CPU = Debug|Any CPU
		Release|Any CPU = Release|Any CPU
	EndGlobalSection
	GlobalSection(ProjectConfigurationPlatforms) = postSolution
		{32A5F14F-57FE-4CD5-AEFF-A8F4941945D9}.Debug|Any CPU.ActiveCfg = Debug|Any CPU
		{32A5F14F-57FE-4CD5-AEFF-A8F4941945D9}.Debug|Any CPU.Build.0 = Debug|Any CPU
		{32A5F14F-57FE-4CD5-AEFF-A8F4941945D9}.Release|Any CPU.ActiveCfg = Release|Any CPU
		{32A5F14F-57FE-4CD5-AEFF-A8F4941945D9}.Release|Any CPU.Build.0 = Release|Any CPU
	EndGlobalSection
	GlobalSection(SolutionProperties) = preSolution
		HideSolutionNode = FALSE
	EndGlobalSection
	GlobalSection(ExtensibilityGlobals) = postSolution
		SolutionGuid = {A5490D3C-2423-4399-B866-5B20436FBFA2}
	EndGlobalSection
EndGlobal
