
Microsoft Visual Studio Solution File, Format Version 12.00
# Visual Studio Version 17
VisualStudioVersion = 17.9.34723.18
MinimumVisualStudioVersion = 10.0.40219.1
Project("{FAE04EC0-301F-11D3-BF4B-00C04F79EFBC}") = "ExercicioResolvido_01", "ExercicioResolvido_01.csproj", "{AA40BD09-17B2-4195-81A9-5637E7E232FC}"
EndProject
Global
	GlobalSection(SolutionConfigurationPlatforms) = preSolution
		Debug|Any CPU = Debug|Any CPU
		Release|Any CPU = Release|Any CPU
	EndGlobalSection
	GlobalSection(ProjectConfigurationPlatforms) = postSolution
		{AA40BD09-17B2-4195-81A9-5637E7E232FC}.Debug|Any CPU.ActiveCfg = Debug|Any CPU
		{AA40BD09-17B2-4195-81A9-5637E7E232FC}.Debug|Any CPU.Build.0 = Debug|Any CPU
		{AA40BD09-17B2-4195-81A9-5637E7E232FC}.Release|Any CPU.ActiveCfg = Release|Any CPU
		{AA40BD09-17B2-4195-81A9-5637E7E232FC}.Release|Any CPU.Build.0 = Release|Any CPU
	EndGlobalSection
	GlobalSection(SolutionProperties) = preSolution
		HideSolutionNode = FALSE
	EndGlobalSection
	GlobalSection(ExtensibilityGlobals) = postSolution
		SolutionGuid = {4A32BADD-C694-4CCD-B033-51DC719C7BC6}
	EndGlobalSection
EndGlobal
