
Microsoft Visual Studio Solution File, Format Version 12.00
# Visual Studio Version 17
VisualStudioVersion = 17.9.34723.18
MinimumVisualStudioVersion = 10.0.40219.1
Project("{FAE04EC0-301F-11D3-BF4B-00C04F79EFBC}") = "ExercicioResolvido_06", "ExercicioResolvido_06.csproj", "{7AEAD493-82AD-4874-B2D6-96143B507825}"
EndProject
Global
	GlobalSection(SolutionConfigurationPlatforms) = preSolution
		Debug|Any CPU = Debug|Any CPU
		Release|Any CPU = Release|Any CPU
	EndGlobalSection
	GlobalSection(ProjectConfigurationPlatforms) = postSolution
		{7AEAD493-82AD-4874-B2D6-96143B507825}.Debug|Any CPU.ActiveCfg = Debug|Any CPU
		{7AEAD493-82AD-4874-B2D6-96143B507825}.Debug|Any CPU.Build.0 = Debug|Any CPU
		{7AEAD493-82AD-4874-B2D6-96143B507825}.Release|Any CPU.ActiveCfg = Release|Any CPU
		{7AEAD493-82AD-4874-B2D6-96143B507825}.Release|Any CPU.Build.0 = Release|Any CPU
	EndGlobalSection
	GlobalSection(SolutionProperties) = preSolution
		HideSolutionNode = FALSE
	EndGlobalSection
	GlobalSection(ExtensibilityGlobals) = postSolution
		SolutionGuid = {BEDCE9CB-1375-4519-A639-415879F571FE}
	EndGlobalSection
EndGlobal
