
Microsoft Visual Studio Solution File, Format Version 12.00
# Visual Studio Version 17
VisualStudioVersion = 17.9.34723.18
MinimumVisualStudioVersion = 10.0.40219.1
Project("{FAE04EC0-301F-11D3-BF4B-00C04F79EFBC}") = "Exercicio_Resolvido_02", "Exercicio_Resolvido_02.csproj", "{0E1B52C1-7117-4F4D-9521-449AF548FDE6}"
EndProject
Global
	GlobalSection(SolutionConfigurationPlatforms) = preSolution
		Debug|Any CPU = Debug|Any CPU
		Release|Any CPU = Release|Any CPU
	EndGlobalSection
	GlobalSection(ProjectConfigurationPlatforms) = postSolution
		{0E1B52C1-7117-4F4D-9521-449AF548FDE6}.Debug|Any CPU.ActiveCfg = Debug|Any CPU
		{0E1B52C1-7117-4F4D-9521-449AF548FDE6}.Debug|Any CPU.Build.0 = Debug|Any CPU
		{0E1B52C1-7117-4F4D-9521-449AF548FDE6}.Release|Any CPU.ActiveCfg = Release|Any CPU
		{0E1B52C1-7117-4F4D-9521-449AF548FDE6}.Release|Any CPU.Build.0 = Release|Any CPU
	EndGlobalSection
	GlobalSection(SolutionProperties) = preSolution
		HideSolutionNode = FALSE
	EndGlobalSection
	GlobalSection(ExtensibilityGlobals) = postSolution
		SolutionGuid = {023AD800-AC03-4F53-9E00-BC2B48CF6686}
	EndGlobalSection
EndGlobal
