
Microsoft Visual Studio Solution File, Format Version 12.00
# Visual Studio Version 17
VisualStudioVersion = 17.9.34723.18
MinimumVisualStudioVersion = 10.0.40219.1
Project("{FAE04EC0-301F-11D3-BF4B-00C04F79EFBC}") = "ExercicioResolvido_05", "ExercicioResolvido_05.csproj", "{83020092-EE23-42B5-8CB7-A80C7C384529}"
EndProject
Global
	GlobalSection(SolutionConfigurationPlatforms) = preSolution
		Debug|Any CPU = Debug|Any CPU
		Release|Any CPU = Release|Any CPU
	EndGlobalSection
	GlobalSection(ProjectConfigurationPlatforms) = postSolution
		{83020092-EE23-42B5-8CB7-A80C7C384529}.Debug|Any CPU.ActiveCfg = Debug|Any CPU
		{83020092-EE23-42B5-8CB7-A80C7C384529}.Debug|Any CPU.Build.0 = Debug|Any CPU
		{83020092-EE23-42B5-8CB7-A80C7C384529}.Release|Any CPU.ActiveCfg = Release|Any CPU
		{83020092-EE23-42B5-8CB7-A80C7C384529}.Release|Any CPU.Build.0 = Release|Any CPU
	EndGlobalSection
	GlobalSection(SolutionProperties) = preSolution
		HideSolutionNode = FALSE
	EndGlobalSection
	GlobalSection(ExtensibilityGlobals) = postSolution
		SolutionGuid = {57D61525-2AED-4420-8C93-FC49B2CF7DF6}
	EndGlobalSection
EndGlobal
