
Microsoft Visual Studio Solution File, Format Version 12.00
# Visual Studio Version 17
VisualStudioVersion = 17.9.34723.18
MinimumVisualStudioVersion = 10.0.40219.1
Project("{FAE04EC0-301F-11D3-BF4B-00C04F79EFBC}") = "ExercicioResolvido_01", "ExercicioResolvido_01.csproj", "{F3B260B3-CC3B-48A4-B580-7CBFC02B8CA0}"
EndProject
Global
	GlobalSection(SolutionConfigurationPlatforms) = preSolution
		Debug|Any CPU = Debug|Any CPU
		Release|Any CPU = Release|Any CPU
	EndGlobalSection
	GlobalSection(ProjectConfigurationPlatforms) = postSolution
		{F3B260B3-CC3B-48A4-B580-7CBFC02B8CA0}.Debug|Any CPU.ActiveCfg = Debug|Any CPU
		{F3B260B3-CC3B-48A4-B580-7CBFC02B8CA0}.Debug|Any CPU.Build.0 = Debug|Any CPU
		{F3B260B3-CC3B-48A4-B580-7CBFC02B8CA0}.Release|Any CPU.ActiveCfg = Release|Any CPU
		{F3B260B3-CC3B-48A4-B580-7CBFC02B8CA0}.Release|Any CPU.Build.0 = Release|Any CPU
	EndGlobalSection
	GlobalSection(SolutionProperties) = preSolution
		HideSolutionNode = FALSE
	EndGlobalSection
	GlobalSection(ExtensibilityGlobals) = postSolution
		SolutionGuid = {247AB147-6C9D-4B18-81E6-C1152E241136}
	EndGlobalSection
EndGlobal
